Microsoft Visual Studio Solution File, Format Version 12.00
# Visual Studio Version 17
VisualStudioVersion = 17.5.2.0
MinimumVisualStudioVersion = 10.0.40219.1
Project("{2150E333-8FDC-42A3-9474-1A3956D46DE8}") = "src", "src", "{827E0CD3-B72D-47B6-A68D-7590B98EB39B}"
EndProject
Project("{FAE04EC0-301F-11D3-BF4B-00C04F79EFBC}") = "Fpa.Api", "src\Fpa.Api\Fpa.Api.csproj", "{D0296417-43AC-6A31-6A28-F9BA8CBCF5F5}"
EndProject
Global
	GlobalSection(SolutionConfigurationPlatforms) = preSolution
		Debug|Any CPU = Debug|Any CPU
		Release|Any CPU = Release|Any CPU
	EndGlobalSection
	GlobalSection(ProjectConfigurationPlatforms) = postSolution
		{D0296417-43AC-6A31-6A28-F9BA8CBCF5F5}.Debug|Any CPU.ActiveCfg = Debug|Any CPU
		{D0296417-43AC-6A31-6A28-F9BA8CBCF5F5}.Debug|Any CPU.Build.0 = Debug|Any CPU
		{D0296417-43AC-6A31-6A28-F9BA8CBCF5F5}.Release|Any CPU.ActiveCfg = Release|Any CPU
		{D0296417-43AC-6A31-6A28-F9BA8CBCF5F5}.Release|Any CPU.Build.0 = Release|Any CPU
	EndGlobalSection
	GlobalSection(SolutionProperties) = preSolution
		HideSolutionNode = FALSE
	EndGlobalSection
	GlobalSection(NestedProjects) = preSolution
		{D0296417-43AC-6A31-6A28-F9BA8CBCF5F5} = {827E0CD3-B72D-47B6-A68D-7590B98EB39B}
	EndGlobalSection
	GlobalSection(ExtensibilityGlobals) = postSolution
		SolutionGuid = {93BEDFEE-31C5-4EFB-A346-570683EC0CF3}
	EndGlobalSection
EndGlobal
